// !$*UTF8*$!
{
	archiveVersion = 1;
	classes = {
	};
	objectVersion = 46;
	objects = {

/* Begin PBXBuildFile section */
		9BD03D341BEDD0BB001A3DAE /* AppDelegate.swift in Sources */ = {isa = PBXBuildFile; fileRef = 9BD03D331BEDD0BB001A3DAE /* AppDelegate.swift */; };
		9BD03D361BEDD0BB001A3DAE /* ViewController.swift in Sources */ = {isa = PBXBuildFile; fileRef = 9BD03D351BEDD0BB001A3DAE /* ViewController.swift */; };
		9BD03D391BEDD0BB001A3DAE /* Main.storyboard in Resources */ = {isa = PBXBuildFile; fileRef = 9BD03D371BEDD0BB001A3DAE /* Main.storyboard */; };
		9BD03D3B1BEDD0BB001A3DAE /* Assets.xcassets in Resources */ = {isa = PBXBuildFile; fileRef = 9BD03D3A1BEDD0BB001A3DAE /* Assets.xcassets */; };
		9BD03D3E1BEDD0BB001A3DAE /* LaunchScreen.storyboard in Resources */ = {isa = PBXBuildFile; fileRef = 9BD03D3C1BEDD0BB001A3DAE /* LaunchScreen.storyboard */; };
		9BD03D461BEDD396001A3DAE /* CustomView.swift in Sources */ = {isa = PBXBuildFile; fileRef = 9BD03D451BEDD396001A3DAE /* CustomView.swift */; };
		9BD03D4A1BEDDD13001A3DAE /* Model.m in Sources */ = {isa = PBXBuildFile; fileRef = 9BD03D491BEDDD13001A3DAE /* Model.m */; };
		9BD03D4C1BEDE461001A3DAE /* GameView.swift in Sources */ = {isa = PBXBuildFile; fileRef = 9BD03D4B1BEDE461001A3DAE /* GameView.swift */; };
		9BD2E71C1BEF49DF00B5DCE5 /* shake.wav in Resources */ = {isa = PBXBuildFile; fileRef = 9BD2E71B1BEF49DF00B5DCE5 /* shake.wav */; };
		9BD2E71E1BEF955000B5DCE5 /* 1757.mp3 in Resources */ = {isa = PBXBuildFile; fileRef = 9BD2E71D1BEF954F00B5DCE5 /* 1757.mp3 */; };
		9BD2E7201BEF9A8D00B5DCE5 /* Block.swift in Sources */ = {isa = PBXBuildFile; fileRef = 9BD2E71F1BEF9A8D00B5DCE5 /* Block.swift */; };
/* End PBXBuildFile section */

/* Begin PBXFileReference section */
		9BD03D301BEDD0BB001A3DAE /* myApp.app */ = {isa = PBXFileReference; explicitFileType = wrapper.application; includeInIndex = 0; path = myApp.app; sourceTree = BUILT_PRODUCTS_DIR; };
		9BD03D331BEDD0BB001A3DAE /* AppDelegate.swift */ = {isa = PBXFileReference; lastKnownFileType = sourcecode.swift; path = AppDelegate.swift; sourceTree = "<group>"; };
		9BD03D351BEDD0BB001A3DAE /* ViewController.swift */ = {isa = PBXFileReference; lastKnownFileType = sourcecode.swift; path = ViewController.swift; sourceTree = "<group>"; };
		9BD03D381BEDD0BB001A3DAE /* Base */ = {isa = PBXFileReference; lastKnownFileType = file.storyboard; name = Base; path = Base.lproj/Main.storyboard; sourceTree = "<group>"; };
		9BD03D3A1BEDD0BB001A3DAE /* Assets.xcassets */ = {isa = PBXFileReference; lastKnownFileType = folder.assetcatalog; path = Assets.xcassets; sourceTree = "<group>"; };
		9BD03D3D1BEDD0BB001A3DAE /* Base */ = {isa = PBXFileReference; lastKnownFileType = file.storyboard; name = Base; path = Base.lproj/LaunchScreen.storyboard; sourceTree = "<group>"; };
		9BD03D3F1BEDD0BB001A3DAE /* Info.plist */ = {isa = PBXFileReference; lastKnownFileType = text.plist.xml; path = Info.plist; sourceTree = "<group>"; };
		9BD03D451BEDD396001A3DAE /* CustomView.swift */ = {isa = PBXFileReference; fileEncoding = 4; lastKnownFileType = sourcecode.swift; path = CustomView.swift; sourceTree = "<group>"; };
		9BD03D471BEDDD13001A3DAE /* myApp-Bridging-Header.h */ = {isa = PBXFileReference; lastKnownFileType = sourcecode.c.h; path = "myApp-Bridging-Header.h"; sourceTree = "<group>"; };
		9BD03D481BEDDD13001A3DAE /* Model.h */ = {isa = PBXFileReference; fileEncoding = 4; lastKnownFileType = sourcecode.c.h; path = Model.h; sourceTree = "<group>"; };
		9BD03D491BEDDD13001A3DAE /* Model.m */ = {isa = PBXFileReference; fileEncoding = 4; lastKnownFileType = sourcecode.c.objc; path = Model.m; sourceTree = "<group>"; };
		9BD03D4B1BEDE461001A3DAE /* GameView.swift */ = {isa = PBXFileReference; fileEncoding = 4; lastKnownFileType = sourcecode.swift; path = GameView.swift; sourceTree = "<group>"; };
		9BD2E71B1BEF49DF00B5DCE5 /* shake.wav */ = {isa = PBXFileReference; lastKnownFileType = audio.wav; path = shake.wav; sourceTree = "<group>"; };
		9BD2E71D1BEF954F00B5DCE5 /* 1757.mp3 */ = {isa = PBXFileReference; lastKnownFileType = audio.mp3; path = 1757.mp3; sourceTree = "<group>"; };
		9BD2E71F1BEF9A8D00B5DCE5 /* Block.swift */ = {isa = PBXFileReference; fileEncoding = 4; lastKnownFileType = sourcecode.swift; path = Block.swift; sourceTree = "<group>"; };
/* End PBXFileReference section */

/* Begin PBXFrameworksBuildPhase section */
		9BD03D2D1BEDD0BB001A3DAE /* Frameworks */ = {
			isa = PBXFrameworksBuildPhase;
			buildActionMask = 2147483647;
			files = (
			);
			runOnlyForDeploymentPostprocessing = 0;
		};
/* End PBXFrameworksBuildPhase section */

/* Begin PBXGroup section */
		9BD03D271BEDD0BB001A3DAE = {
			isa = PBXGroup;
			children = (
				9BD03D321BEDD0BB001A3DAE /* myApp */,
				9BD03D311BEDD0BB001A3DAE /* Products */,
			);
			sourceTree = "<group>";
		};
		9BD03D311BEDD0BB001A3DAE /* Products */ = {
			isa = PBXGroup;
			children = (
				9BD03D301BEDD0BB001A3DAE /* myApp.app */,
			);
			name = Products;
			sourceTree = "<group>";
		};
		9BD03D321BEDD0BB001A3DAE /* myApp */ = {
			isa = PBXGroup;
			children = (
				9BD03D331BEDD0BB001A3DAE /* AppDelegate.swift */,
				9BD03D351BEDD0BB001A3DAE /* ViewController.swift */,
				9BD03D4B1BEDE461001A3DAE /* GameView.swift */,
				9BD2E71F1BEF9A8D00B5DCE5 /* Block.swift */,
				9BD03D451BEDD396001A3DAE /* CustomView.swift */,
				9BD03D481BEDDD13001A3DAE /* Model.h */,
				9BD03D491BEDDD13001A3DAE /* Model.m */,
				9BD03D371BEDD0BB001A3DAE /* Main.storyboard */,
				9BD03D3A1BEDD0BB001A3DAE /* Assets.xcassets */,
				9BD03D3C1BEDD0BB001A3DAE /* LaunchScreen.storyboard */,
				9BD03D3F1BEDD0BB001A3DAE /* Info.plist */,
				9BD03D471BEDDD13001A3DAE /* myApp-Bridging-Header.h */,
				9BD2E71B1BEF49DF00B5DCE5 /* shake.wav */,
				9BD2E71D1BEF954F00B5DCE5 /* 1757.mp3 */,
			);
			path = myApp;
			sourceTree = "<group>";
		};
/* End PBXGroup section */

/* Begin PBXNativeTarget section */
		9BD03D2F1BEDD0BB001A3DAE /* myApp */ = {
			isa = PBXNativeTarget;
			buildConfigurationList = 9BD03D421BEDD0BB001A3DAE /* Build configuration list for PBXNativeTarget "myApp" */;
			buildPhases = (
				9BD03D2C1BEDD0BB001A3DAE /* Sources */,
				9BD03D2D1BEDD0BB001A3DAE /* Frameworks */,
				9BD03D2E1BEDD0BB001A3DAE /* Resources */,
			);
			buildRules = (
			);
			dependencies = (
			);
			name = myApp;
			productName = myApp;
			productReference = 9BD03D301BEDD0BB001A3DAE /* myApp.app */;
			productType = "com.apple.product-type.application";
		};
/* End PBXNativeTarget section */

/* Begin PBXProject section */
		9BD03D281BEDD0BB001A3DAE /* Project object */ = {
			isa = PBXProject;
			attributes = {
				LastSwiftUpdateCheck = 0710;
				LastUpgradeCheck = 0710;
				ORGANIZATIONNAME = "马超";
				TargetAttributes = {
					9BD03D2F1BEDD0BB001A3DAE = {
						CreatedOnToolsVersion = 7.1;
					};
				};
			};
			buildConfigurationList = 9BD03D2B1BEDD0BB001A3DAE /* Build configuration list for PBXProject "myApp" */;
			compatibilityVersion = "Xcode 3.2";
			developmentRegion = English;
			hasScannedForEncodings = 0;
			knownRegions = (
				en,
				Base,
			);
			mainGroup = 9BD03D271BEDD0BB001A3DAE;
			productRefGroup = 9BD03D311BEDD0BB001A3DAE /* Products */;
			projectDirPath = "";
			projectRoot = "";
			targets = (
				9BD03D2F1BEDD0BB001A3DAE /* myApp */,
			);
		};
/* End PBXProject section */

/* Begin PBXResourcesBuildPhase section */
		9BD03D2E1BEDD0BB001A3DAE /* Resources */ = {
			isa = PBXResourcesBuildPhase;
			buildActionMask = 2147483647;
			files = (
				9BD03D3E1BEDD0BB001A3DAE /* LaunchScreen.storyboard in Resources */,
				9BD2E71C1BEF49DF00B5DCE5 /* shake.wav in Resources */,
				9BD2E71E1BEF955000B5DCE5 /* 1757.mp3 in Resources */,
				9BD03D3B1BEDD0BB001A3DAE /* Assets.xcassets in Resources */,
				9BD03D391BEDD0BB001A3DAE /* Main.storyboard in Resources */,
			);
			runOnlyForDeploymentPostprocessing = 0;
		};
/* End PBXResourcesBuildPhase section */

/* Begin PBXSourcesBuildPhase section */
		9BD03D2C1BEDD0BB001A3DAE /* Sources */ = {
			isa = PBXSourcesBuildPhase;
			buildActionMask = 2147483647;
			files = (
				9BD03D461BEDD396001A3DAE /* CustomView.swift in Sources */,
				9BD03D361BEDD0BB001A3DAE /* ViewController.swift in Sources */,
				9BD03D341BEDD0BB001A3DAE /* AppDelegate.swift in Sources */,
				9BD2E7201BEF9A8D00B5DCE5 /* Block.swift in Sources */,
				9BD03D4A1BEDDD13001A3DAE /* Model.m in Sources */,
				9BD03D4C1BEDE461001A3DAE /* GameView.swift in Sources */,
			);
			runOnlyForDeploymentPostprocessing = 0;
		};
/* End PBXSourcesBuildPhase section */

/* Begin PBXVariantGroup section */
		9BD03D371BEDD0BB001A3DAE /* Main.storyboard */ = {
			isa = PBXVariantGroup;
			children = (
				9BD03D381BEDD0BB001A3DAE /* Base */,
			);
			name = Main.storyboard;
			sourceTree = "<group>";
		};
		9BD03D3C1BEDD0BB001A3DAE /* LaunchScreen.storyboard */ = {
			isa = PBXVariantGroup;
			children = (
				9BD03D3D1BEDD0BB001A3DAE /* Base */,
			);
			name = LaunchScreen.storyboard;
			sourceTree = "<group>";
		};
/* End PBXVariantGroup section */

/* Begin XCBuildConfiguration section */
		9BD03D401BEDD0BB001A3DAE /* Debug */ = {
			isa = XCBuildConfiguration;
			buildSettings = {
				ALWAYS_SEARCH_USER_PATHS = NO;
				CLANG_CXX_LANGUAGE_STANDARD = "gnu++0x";
				CLANG_CXX_LIBRARY = "libc++";
				CLANG_ENABLE_MODULES = YES;
				CLANG_ENABLE_OBJC_ARC = YES;
				CLANG_WARN_BOOL_CONVERSION = YES;
				CLANG_WARN_CONSTANT_CONVERSION = YES;
				CLANG_WARN_DIRECT_OBJC_ISA_USAGE = YES_ERROR;
				CLANG_WARN_EMPTY_BODY = YES;
				CLANG_WARN_ENUM_CONVERSION = YES;
				CLANG_WARN_INT_CONVERSION = YES;
				CLANG_WARN_OBJC_ROOT_CLASS = YES_ERROR;
				CLANG_WARN_UNREACHABLE_CODE = YES;
				CLANG_WARN__DUPLICATE_METHOD_MATCH = YES;
				"CODE_SIGN_IDENTITY[sdk=iphoneos*]" = "iPhone Developer";
				COPY_PHASE_STRIP = NO;
				DEBUG_INFORMATION_FORMAT = dwarf;
				ENABLE_STRICT_OBJC_MSGSEND = YES;
				ENABLE_TESTABILITY = YES;
				GCC_C_LANGUAGE_STANDARD = gnu99;
				GCC_DYNAMIC_NO_PIC = NO;
				GCC_NO_COMMON_BLOCKS = YES;
				GCC_OPTIMIZATION_LEVEL = 0;
				GCC_PREPROCESSOR_DEFINITIONS = (
					"DEBUG=1",
					"$(inherited)",
				);
				GCC_WARN_64_TO_32_BIT_CONVERSION = YES;
				GCC_WARN_ABOUT_RETURN_TYPE = YES_ERROR;
				GCC_WARN_UNDECLARED_SELECTOR = YES;
				GCC_WARN_UNINITIALIZED_AUTOS = YES_AGGRESSIVE;
				GCC_WARN_UNUSED_FUNCTION = YES;
				GCC_WARN_UNUSED_VARIABLE = YES;
				IPHONEOS_DEPLOYMENT_TARGET = 9.1;
				MTL_ENABLE_DEBUG_INFO = YES;
				ONLY_ACTIVE_ARCH = YES;
				SDKROOT = iphoneos;
				SWIFT_OPTIMIZATION_LEVEL = "-Onone";
				TARGETED_DEVICE_FAMILY = "1,2";
			};
			name = Debug;
		};
		9BD03D411BEDD0BB001A3DAE /* Release */ = {
			isa = XCBuildConfiguration;
			buildSettings = {
				ALWAYS_SEARCH_USER_PATHS = NO;
				CLANG_CXX_LANGUAGE_STANDARD = "gnu++0x";
				CLANG_CXX_LIBRARY = "libc++";
				CLANG_ENABLE_MODULES = YES;
				CLANG_ENABLE_OBJC_ARC = YES;
				CLANG_WARN_BOOL_CONVERSION = YES;
				CLANG_WARN_CONSTANT_CONVERSION = YES;
				CLANG_WARN_DIRECT_OBJC_ISA_USAGE = YES_ERROR;
				CLANG_WARN_EMPTY_BODY = YES;
				CLANG_WARN_ENUM_CONVERSION = YES;
				CLANG_WARN_INT_CONVERSION = YES;
				CLANG_WARN_OBJC_ROOT_CLASS = YES_ERROR;
				CLANG_WARN_UNREACHABLE_CODE = YES;
				CLANG_WARN__DUPLICATE_METHOD_MATCH = YES;
				"CODE_SIGN_IDENTITY[sdk=iphoneos*]" = "iPhone Developer";
				COPY_PHASE_STRIP = NO;
				DEBUG_INFORMATION_FORMAT = "dwarf-with-dsym";
				ENABLE_NS_ASSERTIONS = NO;
				ENABLE_STRICT_OBJC_MSGSEND = YES;
				GCC_C_LANGUAGE_STANDARD = gnu99;
				GCC_NO_COMMON_BLOCKS = YES;
				GCC_WARN_64_TO_32_BIT_CONVERSION = YES;
				GCC_WARN_ABOUT_RETURN_TYPE = YES_ERROR;
				GCC_WARN_UNDECLARED_SELECTOR = YES;
				GCC_WARN_UNINITIALIZED_AUTOS = YES_AGGRESSIVE;
				GCC_WARN_UNUSED_FUNCTION = YES;
				GCC_WARN_UNUSED_VARIABLE = YES;
				IPHONEOS_DEPLOYMENT_TARGET = 9.1;
				MTL_ENABLE_DEBUG_INFO = NO;
				SDKROOT = iphoneos;
				TARGETED_DEVICE_FAMILY = "1,2";
				VALIDATE_PRODUCT = YES;
			};
			name = Release;
		};
		9BD03D431BEDD0BB001A3DAE /* Debug */ = {
			isa = XCBuildConfiguration;
			buildSettings = {
				ASSETCATALOG_COMPILER_APPICON_NAME = AppIcon;
				CLANG_ENABLE_MODULES = YES;
				INFOPLIST_FILE = myApp/Info.plist;
				LD_RUNPATH_SEARCH_PATHS = "$(inherited) @executable_path/Frameworks";
				PRODUCT_BUNDLE_IDENTIFIER = com.7keyun.test.myApp;
				PRODUCT_NAME = "$(TARGET_NAME)";
				SWIFT_OBJC_BRIDGING_HEADER = "myApp/myApp-Bridging-Header.h";
				SWIFT_OPTIMIZATION_LEVEL = "-Onone";
			};
			name = Debug;
		};
		9BD03D441BEDD0BB001A3DAE /* Release */ = {
			isa = XCBuildConfiguration;
			buildSettings = {
				ASSETCATALOG_COMPILER_APPICON_NAME = AppIcon;
				CLANG_ENABLE_MODULES = YES;
				INFOPLIST_FILE = myApp/Info.plist;
				LD_RUNPATH_SEARCH_PATHS = "$(inherited) @executable_path/Frameworks";
				PRODUCT_BUNDLE_IDENTIFIER = com.7keyun.test.myApp;
				PRODUCT_NAME = "$(TARGET_NAME)";
				SWIFT_OBJC_BRIDGING_HEADER = "myApp/myApp-Bridging-Header.h";
			};
			name = Release;
		};
/* End XCBuildConfiguration section */

/* Begin XCConfigurationList section */
		9BD03D2B1BEDD0BB001A3DAE /* Build configuration list for PBXProject "myApp" */ = {
			isa = XCConfigurationList;
			buildConfigurations = (
				9BD03D401BEDD0BB001A3DAE /* Debug */,
				9BD03D411BEDD0BB001A3DAE /* Release */,
			);
			defaultConfigurationIsVisible = 0;
			defaultConfigurationName = Release;
		};
		9BD03D421BEDD0BB001A3DAE /* Build configuration list for PBXNativeTarget "myApp" */ = {
			isa = XCConfigurationList;
			buildConfigurations = (
				9BD03D431BEDD0BB001A3DAE /* Debug */,
				9BD03D441BEDD0BB001A3DAE /* Release */,
			);
			defaultConfigurationIsVisible = 0;
			defaultConfigurationName = Release;
		};
/* End XCConfigurationList section */
	};
	rootObject = 9BD03D281BEDD0BB001A3DAE /* Project object */;
}
